
Microsoft Visual Studio Solution File, Format Version 12.00
# Visual Studio Version 17
VisualStudioVersion = 17.2.32516.85
MinimumVisualStudioVersion = 10.0.40219.1
Project("{FAE04EC0-301F-11D3-BF4B-00C04F79EFBC}") = "StartApp", "StartApp\StartApp.csproj", "{21C34B0D-25A9-40F5-82B1-68D00DAA9FCC}"
EndProject
Project("{FAE04EC0-301F-11D3-BF4B-00C04F79EFBC}") = "Solutions", "Solutions\Solutions.csproj", "{26B906E2-8F0F-45BC-AEB0-9E4BB7D1B164}"
EndProject
Global
	GlobalSection(SolutionConfigurationPlatforms) = preSolution
		Debug|Any CPU = Debug|Any CPU
		Release|Any CPU = Release|Any CPU
	EndGlobalSection
	GlobalSection(ProjectConfigurationPlatforms) = postSolution
		{21C34B0D-25A9-40F5-82B1-68D00DAA9FCC}.Debug|Any CPU.ActiveCfg = Debug|Any CPU
		{21C34B0D-25A9-40F5-82B1-68D00DAA9FCC}.Debug|Any CPU.Build.0 = Debug|Any CPU
		{21C34B0D-25A9-40F5-82B1-68D00DAA9FCC}.Release|Any CPU.ActiveCfg = Release|Any CPU
		{21C34B0D-25A9-40F5-82B1-68D00DAA9FCC}.Release|Any CPU.Build.0 = Release|Any CPU
		{26B906E2-8F0F-45BC-AEB0-9E4BB7D1B164}.Debug|Any CPU.ActiveCfg = Debug|Any CPU
		{26B906E2-8F0F-45BC-AEB0-9E4BB7D1B164}.Debug|Any CPU.Build.0 = Debug|Any CPU
		{26B906E2-8F0F-45BC-AEB0-9E4BB7D1B164}.Release|Any CPU.ActiveCfg = Release|Any CPU
		{26B906E2-8F0F-45BC-AEB0-9E4BB7D1B164}.Release|Any CPU.Build.0 = Release|Any CPU
	EndGlobalSection
	GlobalSection(SolutionProperties) = preSolution
		HideSolutionNode = FALSE
	EndGlobalSection
	GlobalSection(ExtensibilityGlobals) = postSolution
		SolutionGuid = {177D5361-6E95-4456-9AA8-16E833FF7CD6}
	EndGlobalSection
EndGlobal
